// !$*UTF8*$!
{
	archiveVersion = 1;
	classes = {
	};
	objectVersion = 55;
	objects = {

/* Begin PBXBuildFile section */
		04BCF437287222B7009A34BB /* AppDelegate.swift in Sources */ = {isa = PBXBuildFile; fileRef = 04BCF436287222B7009A34BB /* AppDelegate.swift */; };
		04BCF439287222B7009A34BB /* SceneDelegate.swift in Sources */ = {isa = PBXBuildFile; fileRef = 04BCF438287222B7009A34BB /* SceneDelegate.swift */; };
		04BCF43E287222B7009A34BB /* Main.storyboard in Resources */ = {isa = PBXBuildFile; fileRef = 04BCF43C287222B7009A34BB /* Main.storyboard */; };
		04BCF440287222B9009A34BB /* Assets.xcassets in Resources */ = {isa = PBXBuildFile; fileRef = 04BCF43F287222B9009A34BB /* Assets.xcassets */; };
		04BCF443287222B9009A34BB /* LaunchScreen.storyboard in Resources */ = {isa = PBXBuildFile; fileRef = 04BCF441287222B9009A34BB /* LaunchScreen.storyboard */; };
		04BD885D2872361B00678AC1 /* WelcomeViewController.swift in Sources */ = {isa = PBXBuildFile; fileRef = 04BD885C2872361B00678AC1 /* WelcomeViewController.swift */; };
		04BD885F2872363C00678AC1 /* RegisterViewController.swift in Sources */ = {isa = PBXBuildFile; fileRef = 04BD885E2872363C00678AC1 /* RegisterViewController.swift */; };
		04BD88612872364700678AC1 /* LoginViewController.swift in Sources */ = {isa = PBXBuildFile; fileRef = 04BD88602872364700678AC1 /* LoginViewController.swift */; };
		04BD88632872365200678AC1 /* ChatViewController.swift in Sources */ = {isa = PBXBuildFile; fileRef = 04BD88622872365200678AC1 /* ChatViewController.swift */; };
		04BD88672873065900678AC1 /* GoogleService-Info.plist in Resources */ = {isa = PBXBuildFile; fileRef = 04BD88662873065900678AC1 /* GoogleService-Info.plist */; };
		04BD88692875A1CA00678AC1 /* Constants.swift in Sources */ = {isa = PBXBuildFile; fileRef = 04BD88682875A1CA00678AC1 /* Constants.swift */; };
		04BD886B2875AEB400678AC1 /* Message.swift in Sources */ = {isa = PBXBuildFile; fileRef = 04BD886A2875AEB300678AC1 /* Message.swift */; };
		04BD886E2875B40500678AC1 /* MessageCell.swift in Sources */ = {isa = PBXBuildFile; fileRef = 04BD886C2875B40500678AC1 /* MessageCell.swift */; };
		04BD886F2875B40500678AC1 /* MessageCell.xib in Resources */ = {isa = PBXBuildFile; fileRef = 04BD886D2875B40500678AC1 /* MessageCell.xib */; };
		7D968E75E5FA539F555BF066 /* Pods_Flash_Chat.framework in Frameworks */ = {isa = PBXBuildFile; fileRef = 81CF8A2E39A017E450D1BEA0 /* Pods_Flash_Chat.framework */; };
/* End PBXBuildFile section */

/* Begin PBXFileReference section */
		04BCF433287222B7009A34BB /* Flash Chat.app */ = {isa = PBXFileReference; explicitFileType = wrapper.application; includeInIndex = 0; path = "Flash Chat.app"; sourceTree = BUILT_PRODUCTS_DIR; };
		04BCF436287222B7009A34BB /* AppDelegate.swift */ = {isa = PBXFileReference; lastKnownFileType = sourcecode.swift; path = AppDelegate.swift; sourceTree = "<group>"; };
		04BCF438287222B7009A34BB /* SceneDelegate.swift */ = {isa = PBXFileReference; lastKnownFileType = sourcecode.swift; path = SceneDelegate.swift; sourceTree = "<group>"; };
		04BCF43D287222B7009A34BB /* Base */ = {isa = PBXFileReference; lastKnownFileType = file.storyboard; name = Base; path = Base.lproj/Main.storyboard; sourceTree = "<group>"; };
		04BCF43F287222B9009A34BB /* Assets.xcassets */ = {isa = PBXFileReference; lastKnownFileType = folder.assetcatalog; path = Assets.xcassets; sourceTree = "<group>"; };
		04BCF442287222B9009A34BB /* Base */ = {isa = PBXFileReference; lastKnownFileType = file.storyboard; name = Base; path = Base.lproj/LaunchScreen.storyboard; sourceTree = "<group>"; };
		04BCF444287222B9009A34BB /* Info.plist */ = {isa = PBXFileReference; lastKnownFileType = text.plist.xml; path = Info.plist; sourceTree = "<group>"; };
		04BD885C2872361B00678AC1 /* WelcomeViewController.swift */ = {isa = PBXFileReference; lastKnownFileType = sourcecode.swift; path = WelcomeViewController.swift; sourceTree = "<group>"; };
		04BD885E2872363C00678AC1 /* RegisterViewController.swift */ = {isa = PBXFileReference; lastKnownFileType = sourcecode.swift; path = RegisterViewController.swift; sourceTree = "<group>"; };
		04BD88602872364700678AC1 /* LoginViewController.swift */ = {isa = PBXFileReference; lastKnownFileType = sourcecode.swift; path = LoginViewController.swift; sourceTree = "<group>"; };
		04BD88622872365200678AC1 /* ChatViewController.swift */ = {isa = PBXFileReference; lastKnownFileType = sourcecode.swift; path = ChatViewController.swift; sourceTree = "<group>"; };
		04BD88662873065900678AC1 /* GoogleService-Info.plist */ = {isa = PBXFileReference; fileEncoding = 4; lastKnownFileType = text.plist.xml; path = "GoogleService-Info.plist"; sourceTree = "<group>"; };
		04BD88682875A1CA00678AC1 /* Constants.swift */ = {isa = PBXFileReference; lastKnownFileType = sourcecode.swift; path = Constants.swift; sourceTree = "<group>"; };
		04BD886A2875AEB300678AC1 /* Message.swift */ = {isa = PBXFileReference; lastKnownFileType = sourcecode.swift; path = Message.swift; sourceTree = "<group>"; };
		04BD886C2875B40500678AC1 /* MessageCell.swift */ = {isa = PBXFileReference; lastKnownFileType = sourcecode.swift; path = MessageCell.swift; sourceTree = "<group>"; };
		04BD886D2875B40500678AC1 /* MessageCell.xib */ = {isa = PBXFileReference; lastKnownFileType = file.xib; path = MessageCell.xib; sourceTree = "<group>"; };
		81CF8A2E39A017E450D1BEA0 /* Pods_Flash_Chat.framework */ = {isa = PBXFileReference; explicitFileType = wrapper.framework; includeInIndex = 0; path = Pods_Flash_Chat.framework; sourceTree = BUILT_PRODUCTS_DIR; };
		8E6C092193792E1BA8B67835 /* Pods-Flash Chat.debug.xcconfig */ = {isa = PBXFileReference; includeInIndex = 1; lastKnownFileType = text.xcconfig; name = "Pods-Flash Chat.debug.xcconfig"; path = "Target Support Files/Pods-Flash Chat/Pods-Flash Chat.debug.xcconfig"; sourceTree = "<group>"; };
		D904E94A2E6E62AB3F6B7020 /* Pods-Flash Chat.release.xcconfig */ = {isa = PBXFileReference; includeInIndex = 1; lastKnownFileType = text.xcconfig; name = "Pods-Flash Chat.release.xcconfig"; path = "Target Support Files/Pods-Flash Chat/Pods-Flash Chat.release.xcconfig"; sourceTree = "<group>"; };
/* End PBXFileReference section */

/* Begin PBXFrameworksBuildPhase section */
		04BCF430287222B7009A34BB /* Frameworks */ = {
			isa = PBXFrameworksBuildPhase;
			buildActionMask = 2147483647;
			files = (
				7D968E75E5FA539F555BF066 /* Pods_Flash_Chat.framework in Frameworks */,
			);
			runOnlyForDeploymentPostprocessing = 0;
		};
/* End PBXFrameworksBuildPhase section */

/* Begin PBXGroup section */
		04BCF42A287222B7009A34BB = {
			isa = PBXGroup;
			children = (
				04BCF435287222B7009A34BB /* Flash Chat */,
				04BCF434287222B7009A34BB /* Products */,
				343692B6A9411C1B5A699273 /* Pods */,
				05EC069A54F4310AB5C007F2 /* Frameworks */,
			);
			sourceTree = "<group>";
		};
		04BCF434287222B7009A34BB /* Products */ = {
			isa = PBXGroup;
			children = (
				04BCF433287222B7009A34BB /* Flash Chat.app */,
			);
			name = Products;
			sourceTree = "<group>";
		};
		04BCF435287222B7009A34BB /* Flash Chat */ = {
			isa = PBXGroup;
			children = (
				04BCF44C287224B9009A34BB /* Models */,
				04BCF44B287224AF009A34BB /* Views */,
				04BCF44A287224A6009A34BB /* Controllers */,
				04BCF436287222B7009A34BB /* AppDelegate.swift */,
				04BCF438287222B7009A34BB /* SceneDelegate.swift */,
				04BCF43F287222B9009A34BB /* Assets.xcassets */,
				04BCF441287222B9009A34BB /* LaunchScreen.storyboard */,
				04BCF444287222B9009A34BB /* Info.plist */,
				04BD88662873065900678AC1 /* GoogleService-Info.plist */,
				04BD88682875A1CA00678AC1 /* Constants.swift */,
			);
			path = "Flash Chat";
			sourceTree = "<group>";
		};
		04BCF44A287224A6009A34BB /* Controllers */ = {
			isa = PBXGroup;
			children = (
				04BD885C2872361B00678AC1 /* WelcomeViewController.swift */,
				04BD885E2872363C00678AC1 /* RegisterViewController.swift */,
				04BD88602872364700678AC1 /* LoginViewController.swift */,
				04BD88622872365200678AC1 /* ChatViewController.swift */,
			);
			path = Controllers;
			sourceTree = "<group>";
		};
		04BCF44B287224AF009A34BB /* Views */ = {
			isa = PBXGroup;
			children = (
				04BCF43C287222B7009A34BB /* Main.storyboard */,
				04BD886C2875B40500678AC1 /* MessageCell.swift */,
				04BD886D2875B40500678AC1 /* MessageCell.xib */,
			);
			path = Views;
			sourceTree = "<group>";
		};
		04BCF44C287224B9009A34BB /* Models */ = {
			isa = PBXGroup;
			children = (
				04BD886A2875AEB300678AC1 /* Message.swift */,
			);
			path = Models;
			sourceTree = "<group>";
		};
		05EC069A54F4310AB5C007F2 /* Frameworks */ = {
			isa = PBXGroup;
			children = (
				81CF8A2E39A017E450D1BEA0 /* Pods_Flash_Chat.framework */,
			);
			name = Frameworks;
			sourceTree = "<group>";
		};
		343692B6A9411C1B5A699273 /* Pods */ = {
			isa = PBXGroup;
			children = (
				8E6C092193792E1BA8B67835 /* Pods-Flash Chat.debug.xcconfig */,
				D904E94A2E6E62AB3F6B7020 /* Pods-Flash Chat.release.xcconfig */,
			);
			path = Pods;
			sourceTree = "<group>";
		};
/* End PBXGroup section */

/* Begin PBXNativeTarget section */
		04BCF432287222B7009A34BB /* Flash Chat */ = {
			isa = PBXNativeTarget;
			buildConfigurationList = 04BCF447287222B9009A34BB /* Build configuration list for PBXNativeTarget "Flash Chat" */;
			buildPhases = (
				DDCB260811E7081211EA01E9 /* [CP] Check Pods Manifest.lock */,
				04BCF42F287222B7009A34BB /* Sources */,
				04BCF430287222B7009A34BB /* Frameworks */,
				04BCF431287222B7009A34BB /* Resources */,
				5078BD93F44E543E256BE11E /* [CP] Embed Pods Frameworks */,
			);
			buildRules = (
			);
			dependencies = (
			);
			name = "Flash Chat";
			productName = "Flash Chat";
			productReference = 04BCF433287222B7009A34BB /* Flash Chat.app */;
			productType = "com.apple.product-type.application";
		};
/* End PBXNativeTarget section */

/* Begin PBXProject section */
		04BCF42B287222B7009A34BB /* Project object */ = {
			isa = PBXProject;
			attributes = {
				BuildIndependentTargetsInParallel = 1;
				LastSwiftUpdateCheck = 1320;
				LastUpgradeCheck = 1320;
				TargetAttributes = {
					04BCF432287222B7009A34BB = {
						CreatedOnToolsVersion = 13.2.1;
					};
				};
			};
			buildConfigurationList = 04BCF42E287222B7009A34BB /* Build configuration list for PBXProject "Flash Chat" */;
			compatibilityVersion = "Xcode 13.0";
			developmentRegion = en;
			hasScannedForEncodings = 0;
			knownRegions = (
				en,
				Base,
			);
			mainGroup = 04BCF42A287222B7009A34BB;
			productRefGroup = 04BCF434287222B7009A34BB /* Products */;
			projectDirPath = "";
			projectRoot = "";
			targets = (
				04BCF432287222B7009A34BB /* Flash Chat */,
			);
		};
/* End PBXProject section */

/* Begin PBXResourcesBuildPhase section */
		04BCF431287222B7009A34BB /* Resources */ = {
			isa = PBXResourcesBuildPhase;
			buildActionMask = 2147483647;
			files = (
				04BD886F2875B40500678AC1 /* MessageCell.xib in Resources */,
				04BCF443287222B9009A34BB /* LaunchScreen.storyboard in Resources */,
				04BD88672873065900678AC1 /* GoogleService-Info.plist in Resources */,
				04BCF440287222B9009A34BB /* Assets.xcassets in Resources */,
				04BCF43E287222B7009A34BB /* Main.storyboard in Resources */,
			);
			runOnlyForDeploymentPostprocessing = 0;
		};
/* End PBXResourcesBuildPhase section */

/* Begin PBXShellScriptBuildPhase section */
		5078BD93F44E543E256BE11E /* [CP] Embed Pods Frameworks */ = {
			isa = PBXShellScriptBuildPhase;
			buildActionMask = 2147483647;
			files = (
			);
			inputFileListPaths = (
				"${PODS_ROOT}/Target Support Files/Pods-Flash Chat/Pods-Flash Chat-frameworks-${CONFIGURATION}-input-files.xcfilelist",
			);
			name = "[CP] Embed Pods Frameworks";
			outputFileListPaths = (
				"${PODS_ROOT}/Target Support Files/Pods-Flash Chat/Pods-Flash Chat-frameworks-${CONFIGURATION}-output-files.xcfilelist",
			);
			runOnlyForDeploymentPostprocessing = 0;
			shellPath = /bin/sh;
			shellScript = "\"${PODS_ROOT}/Target Support Files/Pods-Flash Chat/Pods-Flash Chat-frameworks.sh\"\n";
			showEnvVarsInLog = 0;
		};
		DDCB260811E7081211EA01E9 /* [CP] Check Pods Manifest.lock */ = {
			isa = PBXShellScriptBuildPhase;
			buildActionMask = 2147483647;
			files = (
			);
			inputFileListPaths = (
			);
			inputPaths = (
				"${PODS_PODFILE_DIR_PATH}/Podfile.lock",
				"${PODS_ROOT}/Manifest.lock",
			);
			name = "[CP] Check Pods Manifest.lock";
			outputFileListPaths = (
			);
			outputPaths = (
				"$(DERIVED_FILE_DIR)/Pods-Flash Chat-checkManifestLockResult.txt",
			);
			runOnlyForDeploymentPostprocessing = 0;
			shellPath = /bin/sh;
			shellScript = "diff \"${PODS_PODFILE_DIR_PATH}/Podfile.lock\" \"${PODS_ROOT}/Manifest.lock\" > /dev/null\nif [ $? != 0 ] ; then\n    # print error to STDERR\n    echo \"error: The sandbox is not in sync with the Podfile.lock. Run 'pod install' or update your CocoaPods installation.\" >&2\n    exit 1\nfi\n# This output is used by Xcode 'outputs' to avoid re-running this script phase.\necho \"SUCCESS\" > \"${SCRIPT_OUTPUT_FILE_0}\"\n";
			showEnvVarsInLog = 0;
		};
/* End PBXShellScriptBuildPhase section */

/* Begin PBXSourcesBuildPhase section */
		04BCF42F287222B7009A34BB /* Sources */ = {
			isa = PBXSourcesBuildPhase;
			buildActionMask = 2147483647;
			files = (
				04BD885D2872361B00678AC1 /* WelcomeViewController.swift in Sources */,
				04BCF437287222B7009A34BB /* AppDelegate.swift in Sources */,
				04BCF439287222B7009A34BB /* SceneDelegate.swift in Sources */,
				04BD88612872364700678AC1 /* LoginViewController.swift in Sources */,
				04BD88692875A1CA00678AC1 /* Constants.swift in Sources */,
				04BD886B2875AEB400678AC1 /* Message.swift in Sources */,
				04BD88632872365200678AC1 /* ChatViewController.swift in Sources */,
				04BD885F2872363C00678AC1 /* RegisterViewController.swift in Sources */,
				04BD886E2875B40500678AC1 /* MessageCell.swift in Sources */,
			);
			runOnlyForDeploymentPostprocessing = 0;
		};
/* End PBXSourcesBuildPhase section */

/* Begin PBXVariantGroup section */
		04BCF43C287222B7009A34BB /* Main.storyboard */ = {
			isa = PBXVariantGroup;
			children = (
				04BCF43D287222B7009A34BB /* Base */,
			);
			name = Main.storyboard;
			sourceTree = "<group>";
		};
		04BCF441287222B9009A34BB /* LaunchScreen.storyboard */ = {
			isa = PBXVariantGroup;
			children = (
				04BCF442287222B9009A34BB /* Base */,
			);
			name = LaunchScreen.storyboard;
			sourceTree = "<group>";
		};
/* End PBXVariantGroup section */

/* Begin XCBuildConfiguration section */
		04BCF445287222B9009A34BB /* Debug */ = {
			isa = XCBuildConfiguration;
			buildSettings = {
				ALWAYS_SEARCH_USER_PATHS = NO;
				CLANG_ANALYZER_NONNULL = YES;
				CLANG_ANALYZER_NUMBER_OBJECT_CONVERSION = YES_AGGRESSIVE;
				CLANG_CXX_LANGUAGE_STANDARD = "gnu++17";
				CLANG_CXX_LIBRARY = "libc++";
				CLANG_ENABLE_MODULES = YES;
				CLANG_ENABLE_OBJC_ARC = YES;
				CLANG_ENABLE_OBJC_WEAK = YES;
				CLANG_WARN_BLOCK_CAPTURE_AUTORELEASING = YES;
				CLANG_WARN_BOOL_CONVERSION = YES;
				CLANG_WARN_COMMA = YES;
				CLANG_WARN_CONSTANT_CONVERSION = YES;
				CLANG_WARN_DEPRECATED_OBJC_IMPLEMENTATIONS = YES;
				CLANG_WARN_DIRECT_OBJC_ISA_USAGE = YES_ERROR;
				CLANG_WARN_DOCUMENTATION_COMMENTS = YES;
				CLANG_WARN_EMPTY_BODY = YES;
				CLANG_WARN_ENUM_CONVERSION = YES;
				CLANG_WARN_INFINITE_RECURSION = YES;
				CLANG_WARN_INT_CONVERSION = YES;
				CLANG_WARN_NON_LITERAL_NULL_CONVERSION = YES;
				CLANG_WARN_OBJC_IMPLICIT_RETAIN_SELF = YES;
				CLANG_WARN_OBJC_LITERAL_CONVERSION = YES;
				CLANG_WARN_OBJC_ROOT_CLASS = YES_ERROR;
				CLANG_WARN_QUOTED_INCLUDE_IN_FRAMEWORK_HEADER = YES;
				CLANG_WARN_RANGE_LOOP_ANALYSIS = YES;
				CLANG_WARN_STRICT_PROTOTYPES = YES;
				CLANG_WARN_SUSPICIOUS_MOVE = YES;
				CLANG_WARN_UNGUARDED_AVAILABILITY = YES_AGGRESSIVE;
				CLANG_WARN_UNREACHABLE_CODE = YES;
				CLANG_WARN__DUPLICATE_METHOD_MATCH = YES;
				COPY_PHASE_STRIP = NO;
				DEBUG_INFORMATION_FORMAT = dwarf;
				ENABLE_STRICT_OBJC_MSGSEND = YES;
				ENABLE_TESTABILITY = YES;
				GCC_C_LANGUAGE_STANDARD = gnu11;
				GCC_DYNAMIC_NO_PIC = NO;
				GCC_NO_COMMON_BLOCKS = YES;
				GCC_OPTIMIZATION_LEVEL = 0;
				GCC_PREPROCESSOR_DEFINITIONS = (
					"DEBUG=1",
					"$(inherited)",
				);
				GCC_WARN_64_TO_32_BIT_CONVERSION = YES;
				GCC_WARN_ABOUT_RETURN_TYPE = YES_ERROR;
				GCC_WARN_UNDECLARED_SELECTOR = YES;
				GCC_WARN_UNINITIALIZED_AUTOS = YES_AGGRESSIVE;
				GCC_WARN_UNUSED_FUNCTION = YES;
				GCC_WARN_UNUSED_VARIABLE = YES;
				IPHONEOS_DEPLOYMENT_TARGET = 15.2;
				MTL_ENABLE_DEBUG_INFO = INCLUDE_SOURCE;
				MTL_FAST_MATH = YES;
				ONLY_ACTIVE_ARCH = YES;
				SDKROOT = iphoneos;
				SWIFT_ACTIVE_COMPILATION_CONDITIONS = DEBUG;
				SWIFT_OPTIMIZATION_LEVEL = "-Onone";
			};
			name = Debug;
		};
		04BCF446287222B9009A34BB /* Release */ = {
			isa = XCBuildConfiguration;
			buildSettings = {
				ALWAYS_SEARCH_USER_PATHS = NO;
				CLANG_ANALYZER_NONNULL = YES;
				CLANG_ANALYZER_NUMBER_OBJECT_CONVERSION = YES_AGGRESSIVE;
				CLANG_CXX_LANGUAGE_STANDARD = "gnu++17";
				CLANG_CXX_LIBRARY = "libc++";
				CLANG_ENABLE_MODULES = YES;
				CLANG_ENABLE_OBJC_ARC = YES;
				CLANG_ENABLE_OBJC_WEAK = YES;
				CLANG_WARN_BLOCK_CAPTURE_AUTORELEASING = YES;
				CLANG_WARN_BOOL_CONVERSION = YES;
				CLANG_WARN_COMMA = YES;
				CLANG_WARN_CONSTANT_CONVERSION = YES;
				CLANG_WARN_DEPRECATED_OBJC_IMPLEMENTATIONS = YES;
				CLANG_WARN_DIRECT_OBJC_ISA_USAGE = YES_ERROR;
				CLANG_WARN_DOCUMENTATION_COMMENTS = YES;
				CLANG_WARN_EMPTY_BODY = YES;
				CLANG_WARN_ENUM_CONVERSION = YES;
				CLANG_WARN_INFINITE_RECURSION = YES;
				CLANG_WARN_INT_CONVERSION = YES;
				CLANG_WARN_NON_LITERAL_NULL_CONVERSION = YES;
				CLANG_WARN_OBJC_IMPLICIT_RETAIN_SELF = YES;
				CLANG_WARN_OBJC_LITERAL_CONVERSION = YES;
				CLANG_WARN_OBJC_ROOT_CLASS = YES_ERROR;
				CLANG_WARN_QUOTED_INCLUDE_IN_FRAMEWORK_HEADER = YES;
				CLANG_WARN_RANGE_LOOP_ANALYSIS = YES;
				CLANG_WARN_STRICT_PROTOTYPES = YES;
				CLANG_WARN_SUSPICIOUS_MOVE = YES;
				CLANG_WARN_UNGUARDED_AVAILABILITY = YES_AGGRESSIVE;
				CLANG_WARN_UNREACHABLE_CODE = YES;
				CLANG_WARN__DUPLICATE_METHOD_MATCH = YES;
				COPY_PHASE_STRIP = NO;
				DEBUG_INFORMATION_FORMAT = "dwarf-with-dsym";
				ENABLE_NS_ASSERTIONS = NO;
				ENABLE_STRICT_OBJC_MSGSEND = YES;
				GCC_C_LANGUAGE_STANDARD = gnu11;
				GCC_NO_COMMON_BLOCKS = YES;
				GCC_WARN_64_TO_32_BIT_CONVERSION = YES;
				GCC_WARN_ABOUT_RETURN_TYPE = YES_ERROR;
				GCC_WARN_UNDECLARED_SELECTOR = YES;
				GCC_WARN_UNINITIALIZED_AUTOS = YES_AGGRESSIVE;
				GCC_WARN_UNUSED_FUNCTION = YES;
				GCC_WARN_UNUSED_VARIABLE = YES;
				IPHONEOS_DEPLOYMENT_TARGET = 15.2;
				MTL_ENABLE_DEBUG_INFO = NO;
				MTL_FAST_MATH = YES;
				SDKROOT = iphoneos;
				SWIFT_COMPILATION_MODE = wholemodule;
				SWIFT_OPTIMIZATION_LEVEL = "-O";
				VALIDATE_PRODUCT = YES;
			};
			name = Release;
		};
		04BCF448287222B9009A34BB /* Debug */ = {
			isa = XCBuildConfiguration;
			baseConfigurationReference = 8E6C092193792E1BA8B67835 /* Pods-Flash Chat.debug.xcconfig */;
			buildSettings = {
				ASSETCATALOG_COMPILER_APPICON_NAME = AppIcon;
				ASSETCATALOG_COMPILER_GLOBAL_ACCENT_COLOR_NAME = AccentColor;
				CODE_SIGN_STYLE = Automatic;
				CURRENT_PROJECT_VERSION = 1;
				DEVELOPMENT_TEAM = N3M42G7NHF;
				GENERATE_INFOPLIST_FILE = YES;
				INFOPLIST_FILE = "Flash Chat/Info.plist";
				INFOPLIST_KEY_UIApplicationSupportsIndirectInputEvents = YES;
				INFOPLIST_KEY_UILaunchStoryboardName = LaunchScreen;
				INFOPLIST_KEY_UIMainStoryboardFile = Main;
				INFOPLIST_KEY_UISupportedInterfaceOrientations_iPad = "UIInterfaceOrientationPortrait UIInterfaceOrientationPortraitUpsideDown UIInterfaceOrientationLandscapeLeft UIInterfaceOrientationLandscapeRight";
				INFOPLIST_KEY_UISupportedInterfaceOrientations_iPhone = "UIInterfaceOrientationPortrait UIInterfaceOrientationLandscapeLeft UIInterfaceOrientationLandscapeRight";
				LD_RUNPATH_SEARCH_PATHS = (
					"$(inherited)",
					"@executable_path/Frameworks",
				);
				MARKETING_VERSION = 1.0;
				PRODUCT_BUNDLE_IDENTIFIER = "com.vasyltsov.Flash-Chat";
				PRODUCT_NAME = "$(TARGET_NAME)";
				SWIFT_EMIT_LOC_STRINGS = YES;
				SWIFT_VERSION = 5.0;
				TARGETED_DEVICE_FAMILY = "1,2";
			};
			name = Debug;
		};
		04BCF449287222B9009A34BB /* Release */ = {
			isa = XCBuildConfiguration;
			baseConfigurationReference = D904E94A2E6E62AB3F6B7020 /* Pods-Flash Chat.release.xcconfig */;
			buildSettings = {
				ASSETCATALOG_COMPILER_APPICON_NAME = AppIcon;
				ASSETCATALOG_COMPILER_GLOBAL_ACCENT_COLOR_NAME = AccentColor;
				CODE_SIGN_STYLE = Automatic;
				CURRENT_PROJECT_VERSION = 1;
				DEVELOPMENT_TEAM = N3M42G7NHF;
				GENERATE_INFOPLIST_FILE = YES;
				INFOPLIST_FILE = "Flash Chat/Info.plist";
				INFOPLIST_KEY_UIApplicationSupportsIndirectInputEvents = YES;
				INFOPLIST_KEY_UILaunchStoryboardName = LaunchScreen;
				INFOPLIST_KEY_UIMainStoryboardFile = Main;
				INFOPLIST_KEY_UISupportedInterfaceOrientations_iPad = "UIInterfaceOrientationPortrait UIInterfaceOrientationPortraitUpsideDown UIInterfaceOrientationLandscapeLeft UIInterfaceOrientationLandscapeRight";
				INFOPLIST_KEY_UISupportedInterfaceOrientations_iPhone = "UIInterfaceOrientationPortrait UIInterfaceOrientationLandscapeLeft UIInterfaceOrientationLandscapeRight";
				LD_RUNPATH_SEARCH_PATHS = (
					"$(inherited)",
					"@executable_path/Frameworks",
				);
				MARKETING_VERSION = 1.0;
				PRODUCT_BUNDLE_IDENTIFIER = "com.vasyltsov.Flash-Chat";
				PRODUCT_NAME = "$(TARGET_NAME)";
				SWIFT_EMIT_LOC_STRINGS = YES;
				SWIFT_VERSION = 5.0;
				TARGETED_DEVICE_FAMILY = "1,2";
			};
			name = Release;
		};
/* End XCBuildConfiguration section */

/* Begin XCConfigurationList section */
		04BCF42E287222B7009A34BB /* Build configuration list for PBXProject "Flash Chat" */ = {
			isa = XCConfigurationList;
			buildConfigurations = (
				04BCF445287222B9009A34BB /* Debug */,
				04BCF446287222B9009A34BB /* Release */,
			);
			defaultConfigurationIsVisible = 0;
			defaultConfigurationName = Release;
		};
		04BCF447287222B9009A34BB /* Build configuration list for PBXNativeTarget "Flash Chat" */ = {
			isa = XCConfigurationList;
			buildConfigurations = (
				04BCF448287222B9009A34BB /* Debug */,
				04BCF449287222B9009A34BB /* Release */,
			);
			defaultConfigurationIsVisible = 0;
			defaultConfigurationName = Release;
		};
/* End XCConfigurationList section */
	};
	rootObject = 04BCF42B287222B7009A34BB /* Project object */;
}
